lockfileVersion: '9.0'

settings:
  autoInstallPeers: true
  excludeLinksFromLockfile: false

importers:

  .:
    dependencies:
      '@envio-dev/hypersync-client':
        specifier: ^0.6.3
        version: 0.6.3
      blessed:
        specifier: ^0.1.81
        version: 0.1.81
      blessed-contrib:
        specifier: ^4.11.0
        version: 4.11.0
      chalk:
        specifier: ^5.4.1
        version: 5.4.1
      dotenv:
        specifier: ^16.6.1
        version: 16.6.1
      figlet:
        specifier: ^1.8.0
        version: 1.8.0
      viem:
        specifier: ^2.9.6
        version: 2.9.6

packages:

  '@adraffy/ens-normalize@1.10.0':
    resolution: {integrity: sha512-nA9XHtlAkYfJxY7bce8DcN7eKxWWCWkU+1GR9d+U6MbNpfwQp8TI7vqOsBsMcHoT4mBu2kypKoSKnghEzOOq5Q==}

  '@colors/colors@1.5.0':
    resolution: {integrity: sha512-ooWCrlZP11i8GImSjTHYHLkvFDP48nS4+204nGb1RiX/WXYHmJA2III9/e2DWVabCESdW7hBAEzHRqUn9OUVvQ==}
    engines: {node: '>=0.1.90'}

  '@envio-dev/hypersync-client-darwin-arm64@0.6.3':
    resolution: {integrity: sha512-w4OLJaq3lD03iXPJxLnPpoxOduvzCfEe2nYtamvIRLPB2SlbxnB5EF5dSyFs6WKh1x4PMsksQOUKeCcOtQPZow==}
    engines: {node: '>= 10'}
    cpu: [arm64]
    os: [darwin]

  '@envio-dev/hypersync-client-darwin-x64@0.6.3':
    resolution: {integrity: sha512-zh98zCbm2cse/iIzyMs1YCcA1iI1U/j4Yex1xBVaEa1ogzQSK9peS6M+NygzdmlwPqr7K9rUQ/U56ICRl67fWw==}
    engines: {node: '>= 10'}
    cpu: [x64]
    os: [darwin]

  '@envio-dev/hypersync-client-linux-arm64-gnu@0.6.3':
    resolution: {integrity: sha512-5pI0N6W7W0L7LpgN76BAWRsC+NPOvrlvBEq8IjlBUS47vqZALvcJj3gYNkm466tUBQ4q4tF1x48k7MFKtoO8aw==}
    engines: {node: '>= 10'}
    cpu: [arm64]
    os: [linux]

  '@envio-dev/hypersync-client-linux-x64-gnu@0.6.3':
    resolution: {integrity: sha512-jL3sxWVyTJuKdO5y/0tu1EtWSox+nJdpmr7rdVW1w0gLk4ewzWORp9cl5pXkpqM4MUsjJz+NkcQKsUquGYBkKg==}
    engines: {node: '>= 10'}
    cpu: [x64]
    os: [linux]

  '@envio-dev/hypersync-client-linux-x64-musl@0.6.3':
    resolution: {integrity: sha512-4rAh9x3PEWIweih731lWVEUGm+qrIHouElqZgXfTcZS6KkPeDnSYKVw10K5EyDuDtZla/NccEr0pJmcvpui5Ew==}
    engines: {node: '>= 10'}
    cpu: [x64]
    os: [linux]

  '@envio-dev/hypersync-client-win32-x64-msvc@0.6.3':
    resolution: {integrity: sha512-AINzLdjqU+y6ZiHnxorjFlrGNIw/AAJ80YXABYzokvGhDTF9qupjR1gdZo4sQEumgrRyg7fiG8QnsZVEm6V/zA==}
    engines: {node: '>= 10'}
    cpu: [x64]
    os: [win32]

  '@envio-dev/hypersync-client@0.6.3':
    resolution: {integrity: sha512-Lr5WyMZBK1cI++kAQLM/zd62NfUM60A3KWTKgeNew4NOghfoY5YZr99C7vo+CMYePXskYBR+ul+5iNPoHqkFrw==}
    engines: {node: '>= 10'}

  '@noble/curves@1.2.0':
    resolution: {integrity: sha512-oYclrNgRaM9SsBUBVbb8M6DTV7ZHRTKugureoYEncY5c65HOmRzvSiTE3y5CYaPYJA/GVkrhXEoF0M3Ya9PMnw==}

  '@noble/hashes@1.3.2':
    resolution: {integrity: sha512-MVC8EAQp7MvEcm30KWENFjgR+Mkmf+D189XJTkFIlwohU5hcBbn1ZkKq7KVTi2Hme3PMGF390DaL52beVrIihQ==}
    engines: {node: '>= 16'}

  '@scure/base@1.1.6':
    resolution: {integrity: sha512-ok9AWwhcgYuGG3Zfhyqg+zwl+Wn5uE+dwC0NV/2qQkx4dABbb/bx96vWu8NSj+BNjjSjno+JRYRjle1jV08k3g==}

  '@scure/bip32@1.3.2':
    resolution: {integrity: sha512-N1ZhksgwD3OBlwTv3R6KFEcPojl/W4ElJOeCZdi+vuI5QmTFwLq3OFf2zd2ROpKvxFdgZ6hUpb0dx9bVNEwYCA==}

  '@scure/bip39@1.2.1':
    resolution: {integrity: sha512-Z3/Fsz1yr904dduJD0NpiyRHhRYHdcnyh73FZWiV+/qhWi83wNJ3NWolYqCEN+ZWsUz2TWwajJggcRE9r1zUYg==}

  abbrev@1.1.1:
    resolution: {integrity: sha512-nne9/IiQ/hzIhY6pdDnbBtz7DjPTKrY00P/zvPSm5pOFkl6xuGrGnXn/VtTNNfNtAfZ9/1RtehkszU9qcTii0Q==}

  abitype@1.0.0:
    resolution: {integrity: sha512-NMeMah//6bJ56H5XRj8QCV4AwuW6hB6zqz2LnhhLdcWVQOsXki6/Pn3APeqxCma62nXIcmZWdu1DlHWS74umVQ==}
    peerDependencies:
      typescript: '>=5.0.4'
      zod: ^3 >=3.22.0
    peerDependenciesMeta:
      typescript:
        optional: true
      zod:
        optional: true

  ansi-escapes@6.2.1:
    resolution: {integrity: sha512-4nJ3yixlEthEJ9Rk4vPcdBRkZvQZlYyu8j4/Mqz5sgIkddmEnH2Yj2ZrnP9S3tQOvSNRUIgVNF/1yPpRAGNRig==}
    engines: {node: '>=14.16'}

  ansi-regex@2.1.1:
    resolution: {integrity: sha512-TIGnTpdo+E3+pCyAluZvtED5p5wCqLdezCyhPZzKPcxvFplEt4i+W7OONCKgeZFT3+y5NZZfOOS/Bdcanm1MYA==}
    engines: {node: '>=0.10.0'}

  ansi-regex@5.0.1:
    resolution: {integrity: sha512-quJQXlTSUGL2LH9SUXo8VwsY4soanhgo6LNSm84E1LBcE8s3O0wpdiRzyR9z/ZZJMlMWv37qOOb9pdJlMUEKFQ==}
    engines: {node: '>=8'}

  ansi-styles@2.2.1:
    resolution: {integrity: sha512-kmCevFghRiWM7HB5zTPULl4r9bVFSWjz62MhqizDGUrq2NWuNMQyuv4tHHoKJHs69M/MF64lEcHdYIocrdWQYA==}
    engines: {node: '>=0.10.0'}

  ansi-term@0.0.2:
    resolution: {integrity: sha512-jLnGE+n8uAjksTJxiWZf/kcUmXq+cRWSl550B9NmQ8YiqaTM+lILcSe5dHdp8QkJPhaOghDjnMKwyYSMjosgAA==}

  ansicolors@0.3.2:
    resolution: {integrity: sha512-QXu7BPrP29VllRxH8GwB7x5iX5qWKAAMLqKQGWTeLWVlNHNOpVMJ91dsxQAIWXpjuW5wqvxu3Jd/nRjrJ+0pqg==}

  blessed-contrib@4.11.0:
    resolution: {integrity: sha512-P00Xji3xPp53+FdU9f74WpvnOAn/SS0CKLy4vLAf5Ps7FGDOTY711ruJPZb3/7dpFuP+4i7f4a/ZTZdLlKG9WA==}

  blessed@0.1.81:
    resolution: {integrity: sha512-LoF5gae+hlmfORcG1M5+5XZi4LBmvlXTzwJWzUlPryN/SJdSflZvROM2TwkT0GMpq7oqT48NRd4GS7BiVBc5OQ==}
    engines: {node: '>= 0.8.0'}
    hasBin: true

  bresenham@0.0.3:
    resolution: {integrity: sha512-wbMxoJJM1p3+6G7xEFXYNCJ30h2qkwmVxebkbwIl4OcnWtno5R3UT9VuYLfStlVNAQCmRjkGwjPFdfaPd4iNXw==}

  buffers@0.1.1:
    resolution: {integrity: sha512-9q/rDEGSb/Qsvv2qvzIzdluL5k7AaJOTrw23z9reQthrbF7is4CtlT0DXyO1oei2DCp4uojjzQ7igaSHp1kAEQ==}
    engines: {node: '>=0.2.0'}

  cardinal@2.1.1:
    resolution: {integrity: sha512-JSr5eOgoEymtYHBjNWyjrMqet9Am2miJhlfKNdqLp6zoeAh0KN5dRAcxlecj5mAJrmQomgiOBj35xHLrFjqBpw==}
    hasBin: true

  chalk@1.1.3:
    resolution: {integrity: sha512-U3lRVLMSlsCfjqYPbLyVv11M9CPW4I728d6TCKMAOJueEeB9/8o+eSsMnxPJD+Q+K909sdESg7C+tIkoH6on1A==}
    engines: {node: '>=0.10.0'}

  chalk@5.4.1:
    resolution: {integrity: sha512-zgVZuo2WcZgfUEmsn6eO3kINexW8RAE4maiQ8QNs8CtpPCSyMiYsULR3HQYkm3w8FIA3SberyMJMSldGsW+U3w==}
    engines: {node: ^12.17.0 || ^14.13 || >=16.0.0}

  charm@0.1.2:
    resolution: {integrity: sha512-syedaZ9cPe7r3hoQA9twWYKu5AIyCswN5+szkmPBe9ccdLrj4bYaCnLVPTLd2kgVRc7+zoX4tyPgRnFKCj5YjQ==}

  cli-table3@0.6.5:
    resolution: {integrity: sha512-+W/5efTR7y5HRD7gACw9yQjqMVvEMLBHmboM/kPWam+H+Hmyrgjh6YncVKK122YZkXrLudzTuAukUw9FnMf7IQ==}
    engines: {node: 10.* || >= 12.*}

  core-util-is@1.0.3:
    resolution: {integrity: sha512-ZQBvi1DcpJ4GDqanjucZ2Hj3wEO5pZDS89BWbkcrvdxksJorwUDDZamX9ldFkp9aw2lmBDLgkObEA4DWNJ9FYQ==}

  dotenv@16.6.1:
    resolution: {integrity: sha512-uBq4egWHTcTt33a72vpSG0z3HnPuIl6NqYcTrKEg2azoEyl2hpW0zqlxysq2pK9HlDIHyHyakeYaYnSAwd8bow==}
    engines: {node: '>=12'}

  drawille-blessed-contrib@1.0.0:
    resolution: {integrity: sha512-WnHMgf5en/hVOsFhxLI8ZX0qTJmerOsVjIMQmn4cR1eI8nLGu+L7w5ENbul+lZ6w827A3JakCuernES5xbHLzQ==}

  drawille-canvas-blessed-contrib@0.1.3:
    resolution: {integrity: sha512-bdDvVJOxlrEoPLifGDPaxIzFh3cD7QH05ePoQ4fwnqfi08ZSxzEhOUpI5Z0/SQMlWgcCQOEtuw0zrwezacXglw==}

  emoji-regex@8.0.0:
    resolution: {integrity: sha512-MSjYzcWNOA0ewAHpz0MxpYFvwg6yjy1NG3xteoqz644VCo/RPgnr1/GGt+ic3iJTzQ8Eu3TdM14SawnVUmGE6A==}

  escape-string-regexp@1.0.5:
    resolution: {integrity: sha512-vbRorB5FUQWvla16U8R/qgaFIya2qGzwDrNmCZuYKrbdSUMG6I1ZCGQRefkRVhuOkIGVne7BQ35DSfo1qvJqFg==}
    engines: {node: '>=0.8.0'}

  esprima@4.0.1:
    resolution: {integrity: sha512-eGuFFw7Upda+g4p+QHvnW0RyTX/SVeJBDM/gCtMARO0cLuT2HcEKnTPvhjV6aGeqrCB/sbNop0Kszm0jsaWU4A==}
    engines: {node: '>=4'}
    hasBin: true

  event-stream@0.9.8:
    resolution: {integrity: sha512-o5h0Mp1bkoR6B0i7pTCAzRy+VzdsRWH997KQD4Psb0EOPoKEIiaRx/EsOdUl7p1Ktjw7aIWvweI/OY1R9XrlUg==}

  figlet@1.8.0:
    resolution: {integrity: sha512-chzvGjd+Sp7KUvPHZv6EXV5Ir3Q7kYNpCr4aHrRW79qFtTefmQZNny+W1pW9kf5zeE6dikku2W50W/wAH2xWgw==}
    engines: {node: '>= 0.4.0'}
    hasBin: true

  gl-matrix@2.8.1:
    resolution: {integrity: sha512-0YCjVpE3pS5XWlN3J4X7AiAx65+nqAI54LndtVFnQZB6G/FVLkZH8y8V6R3cIoOQR4pUdfwQGd1iwyoXHJ4Qfw==}

  has-ansi@2.0.0:
    resolution: {integrity: sha512-C8vBJ8DwUCx19vhm7urhTuUsr4/IyP6l4VzNQDv+ryHQObW3TTTp9yB68WpYgRe2bbaGuZ/se74IqFeVnMnLZg==}
    engines: {node: '>=0.10.0'}

  has-flag@4.0.0:
    resolution: {integrity: sha512-EykJT/Q1KjTWctppgIAgfSO0tKVuZUjhgMr17kqTumMl6Afv3EISleU7qZUzoXDFTAHTDC4NOoG/ZxU3EvlMPQ==}
    engines: {node: '>=8'}

  here@0.0.2:
    resolution: {integrity: sha512-U7VYImCTcPoY27TSmzoiFsmWLEqQFaYNdpsPb9K0dXJhE6kufUqycaz51oR09CW85dDU9iWyy7At8M+p7hb3NQ==}

  inherits@2.0.4:
    resolution: {integrity: sha512-k/vGaX4/Yla3WzyMCvTQOXYeIHvqOKtnqBduzTHpzpQZzAskKMhZ2K+EnBiSM9zGSoIFeMpXKxa4dYeZIQqewQ==}

  is-fullwidth-code-point@3.0.0:
    resolution: {integrity: sha512-zymm5+u+sCsSWyD9qNaejV3DFvhCKclKdizYaJUuHA83RLjb7nSuGnddCHGv0hk+KY7BMAlsWeK4Ueg6EV6XQg==}
    engines: {node: '>=8'}

  isarray@0.0.1:
    resolution: {integrity: sha512-D2S+3GLxWH+uhrNEcoh/fnmYeP8E8/zHl644d/jdA0g2uyXvy3sb0qxotE+ne0LtccHknQzWwZEzhak7oJ0COQ==}

  isows@1.0.3:
    resolution: {integrity: sha512-2cKei4vlmg2cxEjm3wVSqn8pcoRF/LX/wpifuuNquFO4SQmPwarClT+SUCA2lt+l581tTeZIPIZuIDo2jWN1fg==}
    peerDependencies:
      ws: '*'

  lodash@4.17.21:
    resolution: {integrity: sha512-v2kDEe57lecTulaDIuNTPy3Ry4gLGJ6Z1O3vE1krgXZNrsQ+LFTGHVxVjcXPs17LhbZVGedAJv8XZ1tvj5FvSg==}

  map-canvas@0.1.5:
    resolution: {integrity: sha512-f7M3sOuL9+up0NCOZbb1rQpWDLZwR/ftCiNbyscjl9LUUEwrRaoumH4sz6swgs58lF21DQ0hsYOCw5C6Zz7hbg==}

  marked-terminal@5.2.0:
    resolution: {integrity: sha512-Piv6yNwAQXGFjZSaiNljyNFw7jKDdGrw70FSbtxEyldLsyeuV5ZHm/1wW++kWbrOF1VPnUgYOhB2oLL0ZpnekA==}
    engines: {node: '>=14.13.1 || >=16.0.0'}
    peerDependencies:
      marked: ^1.0.0 || ^2.0.0 || ^3.0.0 || ^4.0.0 || ^5.0.0

  marked@4.3.0:
    resolution: {integrity: sha512-PRsaiG84bK+AMvxziE/lCFss8juXjNaWzVbN5tXAm4XjeaS9NAHhop+PjQxz2A9h8Q4M/xGmzP8vqNwy6JeK0A==}
    engines: {node: '>= 12'}
    hasBin: true

  memory-streams@0.1.3:
    resolution: {integrity: sha512-qVQ/CjkMyMInPaaRMrwWNDvf6boRZXaT/DbQeMYcCWuXPEBf1v8qChOc9OlEVQp2uOvRXa1Qu30fLmKhY6NipA==}

  memorystream@0.3.1:
    resolution: {integrity: sha512-S3UwM3yj5mtUSEfP41UZmt/0SCoVYUcU1rkXv+BQ5Ig8ndL4sPoJNBUJERafdPb5jjHJGuMgytgKvKIf58XNBw==}
    engines: {node: '>= 0.10.0'}

  node-emoji@1.11.0:
    resolution: {integrity: sha512-wo2DpQkQp7Sjm2A0cq+sN7EHKO6Sl0ctXeBdFZrL9T9+UywORbufTcTZxom8YqpLQt/FqNMUkOpkZrJVYSKD3A==}

  nopt@2.1.2:
    resolution: {integrity: sha512-x8vXm7BZ2jE1Txrxh/hO74HTuYZQEbo8edoRcANgdZ4+PCV+pbjd/xdummkmjjC7LU5EjPzlu8zEq/oxWylnKA==}
    hasBin: true

  optimist@0.2.8:
    resolution: {integrity: sha512-Wy7E3cQDpqsTIFyW7m22hSevyTLxw850ahYv7FWsw4G6MIKVTZ8NSA95KBrQ95a4SMsMr1UGUUnwEFKhVaSzIg==}

  optimist@0.3.7:
    resolution: {integrity: sha512-TCx0dXQzVtSCg2OgY/bO9hjM9cV4XYx09TVK+s3+FhkjT6LovsLe+pPMzpWf+6yXK/hUizs2gUoTw3jHM0VaTQ==}

  picture-tuber@1.0.2:
    resolution: {integrity: sha512-49/xq+wzbwDeI32aPvwQJldM8pr7dKDRuR76IjztrkmiCkAQDaWFJzkmfVqCHmt/iFoPFhHmI9L0oKhthrTOQw==}
    engines: {node: '>=0.4.0'}
    hasBin: true

  png-js@0.1.1:
    resolution: {integrity: sha512-NTtk2SyfjBm+xYl2/VZJBhFnTQ4kU5qWC7VC4/iGbrgiU4FuB4xC+74erxADYJIqZICOR1HCvRA7EBHkpjTg9g==}

  readable-stream@1.0.34:
    resolution: {integrity: sha512-ok1qVCJuRkNmvebYikljxJA/UEsKwLl2nI1OmaqAu4/UE+h0wKCHok4XkL/gvi39OacXvw59RJUOFUkDib2rHg==}

  redeyed@2.1.1:
    resolution: {integrity: sha512-FNpGGo1DycYAdnrKFxCMmKYgo/mILAqtRYbkdQD8Ep/Hk2PQ5+aEAEx+IU713RTDmuBaH0c8P5ZozurNu5ObRQ==}

  sax@1.4.1:
    resolution: {integrity: sha512-+aWOz7yVScEGoKNd4PA10LZ8sk0A/z5+nXQG5giUO5rprX9jgYsTdov9qCchZiPIZezbZH+jRut8nPodFAX4Jg==}

  sparkline@0.1.2:
    resolution: {integrity: sha512-t//aVOiWt9fi/e22ea1vXVWBDX+gp18y+Ch9sKqmHl828bRfvP2VtfTJVEcgWFBQHd0yDPNQRiHdqzCvbcYSDA==}
    engines: {node: '>= 0.8.0'}
    hasBin: true

  string-width@4.2.3:
    resolution: {integrity: sha512-wKyQRQpjJ0sIp62ErSZdGsjMJWsap5oRNihHhu6G7JVO/9jIB6UyevL+tXuOqrng8j/cxKTWyWUwvSTriiZz/g==}
    engines: {node: '>=8'}

  string_decoder@0.10.31:
    resolution: {integrity: sha512-ev2QzSzWPYmy9GuqfIVildA4OdcGLeFZQrq5ys6RtiuF+RQQiZWr8TZNyAcuVXyQRYfEO+MsoB/1BuQVhOJuoQ==}

  strip-ansi@3.0.1:
    resolution: {integrity: sha512-VhumSSbBqDTP8p2ZLKj40UjBCV4+v8bUSEpUb4KjRgWk9pbqGF4REFj6KEagidb2f/M6AzC0EmFyDNGaw9OCzg==}
    engines: {node: '>=0.10.0'}

  strip-ansi@6.0.1:
    resolution: {integrity: sha512-Y38VPSHcqkFrCpFnQ9vuSXmquuv5oXOKpGeT6aGrr3o3Gc9AlVa6JBfUSOCnbxGGZF+/0ooI7KrPuUSztUdU5A==}
    engines: {node: '>=8'}

  supports-color@2.0.0:
    resolution: {integrity: sha512-KKNVtd6pCYgPIKU4cp2733HWYCpplQhddZLBUryaAHou723x+FRzQ5Df824Fj+IyyuiQTRoub4SnIFfIcrp70g==}
    engines: {node: '>=0.8.0'}

  supports-color@7.2.0:
    resolution: {integrity: sha512-qpCAvRl9stuOHveKsn7HncJRvv501qIacKzQlO/+Lwxc9+0q2wLyv4Dfvt80/DPn2pqOBsJdDiogXGR9+OvwRw==}
    engines: {node: '>=8'}

  supports-hyperlinks@2.3.0:
    resolution: {integrity: sha512-RpsAZlpWcDwOPQA22aCH4J0t7L8JmAvsCxfOSEwm7cQs3LshN36QaTkwd70DnBOXDWGssw2eUoc8CaRWT0XunA==}
    engines: {node: '>=8'}

  term-canvas@0.0.5:
    resolution: {integrity: sha512-eZ3rIWi5yLnKiUcsW8P79fKyooaLmyLWAGqBhFspqMxRNUiB4GmHHk5AzQ4LxvFbJILaXqQZLwbbATLOhCFwkw==}

  viem@2.9.6:
    resolution: {integrity: sha512-VVFWjGQei2wnWTvAB/xrIf22m6flCwxeBr8LnwejXMTSSi1EORWEswrw2lfKTmw3TlRPSG4uSiQMa/d0l0DKRg==}
    peerDependencies:
      typescript: '>=5.0.4'
    peerDependenciesMeta:
      typescript:
        optional: true

  wordwrap@0.0.3:
    resolution: {integrity: sha512-1tMA907+V4QmxV7dbRvb4/8MaRALK6q9Abid3ndMYnbyo8piisCmeONVqVSXqQA3KaP4SLt5b7ud6E2sqP8TFw==}
    engines: {node: '>=0.4.0'}

  ws@8.13.0:
    resolution: {integrity: sha512-x9vcZYTrFPC7aSIbj7sRCYo7L/Xb8Iy+pW0ng0wt2vCJv7M9HOMy0UoN3rr+IFC7hb7vXoqS+P9ktyLLLhO+LA==}
    engines: {node: '>=10.0.0'}
    peerDependencies:
      bufferutil: ^4.0.1
      utf-8-validate: '>=5.0.2'
    peerDependenciesMeta:
      bufferutil:
        optional: true
      utf-8-validate:
        optional: true

  x256@0.0.2:
    resolution: {integrity: sha512-ZsIH+sheoF8YG9YG+QKEEIdtqpHRA9FYuD7MqhfyB1kayXU43RUNBFSxBEnF8ywSUxdg+8no4+bPr5qLbyxKgA==}
    engines: {node: '>=0.4.0'}

  xml2js@0.4.23:
    resolution: {integrity: sha512-ySPiMjM0+pLDftHgXY4By0uswI3SPKLDw/i3UXbnO8M/p28zqexCUoPmQFrYD+/1BzhGJSs2i1ERWKJAtiLrug==}
    engines: {node: '>=4.0.0'}

  xmlbuilder@11.0.1:
    resolution: {integrity: sha512-fDlsI/kFEx7gLvbecc0/ohLG50fugQp8ryHzMTuW9vSa1GJ0XYWKnhsUx7oie3G98+r56aTQIUB4kht42R3JvA==}
    engines: {node: '>=4.0'}

snapshots:

  '@adraffy/ens-normalize@1.10.0': {}

  '@colors/colors@1.5.0':
    optional: true

  '@envio-dev/hypersync-client-darwin-arm64@0.6.3':
    optional: true

  '@envio-dev/hypersync-client-darwin-x64@0.6.3':
    optional: true

  '@envio-dev/hypersync-client-linux-arm64-gnu@0.6.3':
    optional: true

  '@envio-dev/hypersync-client-linux-x64-gnu@0.6.3':
    optional: true

  '@envio-dev/hypersync-client-linux-x64-musl@0.6.3':
    optional: true

  '@envio-dev/hypersync-client-win32-x64-msvc@0.6.3':
    optional: true

  '@envio-dev/hypersync-client@0.6.3':
    optionalDependencies:
      '@envio-dev/hypersync-client-darwin-arm64': 0.6.3
      '@envio-dev/hypersync-client-darwin-x64': 0.6.3
      '@envio-dev/hypersync-client-linux-arm64-gnu': 0.6.3
      '@envio-dev/hypersync-client-linux-x64-gnu': 0.6.3
      '@envio-dev/hypersync-client-linux-x64-musl': 0.6.3
      '@envio-dev/hypersync-client-win32-x64-msvc': 0.6.3

  '@noble/curves@1.2.0':
    dependencies:
      '@noble/hashes': 1.3.2

  '@noble/hashes@1.3.2': {}

  '@scure/base@1.1.6': {}

  '@scure/bip32@1.3.2':
    dependencies:
      '@noble/curves': 1.2.0
      '@noble/hashes': 1.3.2
      '@scure/base': 1.1.6

  '@scure/bip39@1.2.1':
    dependencies:
      '@noble/hashes': 1.3.2
      '@scure/base': 1.1.6

  abbrev@1.1.1: {}

  abitype@1.0.0: {}

  ansi-escapes@6.2.1: {}

  ansi-regex@2.1.1: {}

  ansi-regex@5.0.1: {}

  ansi-styles@2.2.1: {}

  ansi-term@0.0.2:
    dependencies:
      x256: 0.0.2

  ansicolors@0.3.2: {}

  blessed-contrib@4.11.0:
    dependencies:
      ansi-term: 0.0.2
      chalk: 1.1.3
      drawille-canvas-blessed-contrib: 0.1.3
      lodash: 4.17.21
      map-canvas: 0.1.5
      marked: 4.3.0
      marked-terminal: 5.2.0(marked@4.3.0)
      memory-streams: 0.1.3
      memorystream: 0.3.1
      picture-tuber: 1.0.2
      sparkline: 0.1.2
      strip-ansi: 3.0.1
      term-canvas: 0.0.5
      x256: 0.0.2

  blessed@0.1.81: {}

  bresenham@0.0.3: {}

  buffers@0.1.1: {}

  cardinal@2.1.1:
    dependencies:
      ansicolors: 0.3.2
      redeyed: 2.1.1

  chalk@1.1.3:
    dependencies:
      ansi-styles: 2.2.1
      escape-string-regexp: 1.0.5
      has-ansi: 2.0.0
      strip-ansi: 3.0.1
      supports-color: 2.0.0

  chalk@5.4.1: {}

  charm@0.1.2: {}

  cli-table3@0.6.5:
    dependencies:
      string-width: 4.2.3
    optionalDependencies:
      '@colors/colors': 1.5.0

  core-util-is@1.0.3: {}

  dotenv@16.6.1: {}

  drawille-blessed-contrib@1.0.0: {}

  drawille-canvas-blessed-contrib@0.1.3:
    dependencies:
      ansi-term: 0.0.2
      bresenham: 0.0.3
      drawille-blessed-contrib: 1.0.0
      gl-matrix: 2.8.1
      x256: 0.0.2

  emoji-regex@8.0.0: {}

  escape-string-regexp@1.0.5: {}

  esprima@4.0.1: {}

  event-stream@0.9.8:
    dependencies:
      optimist: 0.2.8

  figlet@1.8.0: {}

  gl-matrix@2.8.1: {}

  has-ansi@2.0.0:
    dependencies:
      ansi-regex: 2.1.1

  has-flag@4.0.0: {}

  here@0.0.2: {}

  inherits@2.0.4: {}

  is-fullwidth-code-point@3.0.0: {}

  isarray@0.0.1: {}

  isows@1.0.3(ws@8.13.0):
    dependencies:
      ws: 8.13.0

  lodash@4.17.21: {}

  map-canvas@0.1.5:
    dependencies:
      drawille-canvas-blessed-contrib: 0.1.3
      xml2js: 0.4.23

  marked-terminal@5.2.0(marked@4.3.0):
    dependencies:
      ansi-escapes: 6.2.1
      cardinal: 2.1.1
      chalk: 5.4.1
      cli-table3: 0.6.5
      marked: 4.3.0
      node-emoji: 1.11.0
      supports-hyperlinks: 2.3.0

  marked@4.3.0: {}

  memory-streams@0.1.3:
    dependencies:
      readable-stream: 1.0.34

  memorystream@0.3.1: {}

  node-emoji@1.11.0:
    dependencies:
      lodash: 4.17.21

  nopt@2.1.2:
    dependencies:
      abbrev: 1.1.1

  optimist@0.2.8:
    dependencies:
      wordwrap: 0.0.3

  optimist@0.3.7:
    dependencies:
      wordwrap: 0.0.3

  picture-tuber@1.0.2:
    dependencies:
      buffers: 0.1.1
      charm: 0.1.2
      event-stream: 0.9.8
      optimist: 0.3.7
      png-js: 0.1.1
      x256: 0.0.2

  png-js@0.1.1: {}

  readable-stream@1.0.34:
    dependencies:
      core-util-is: 1.0.3
      inherits: 2.0.4
      isarray: 0.0.1
      string_decoder: 0.10.31

  redeyed@2.1.1:
    dependencies:
      esprima: 4.0.1

  sax@1.4.1: {}

  sparkline@0.1.2:
    dependencies:
      here: 0.0.2
      nopt: 2.1.2

  string-width@4.2.3:
    dependencies:
      emoji-regex: 8.0.0
      is-fullwidth-code-point: 3.0.0
      strip-ansi: 6.0.1

  string_decoder@0.10.31: {}

  strip-ansi@3.0.1:
    dependencies:
      ansi-regex: 2.1.1

  strip-ansi@6.0.1:
    dependencies:
      ansi-regex: 5.0.1

  supports-color@2.0.0: {}

  supports-color@7.2.0:
    dependencies:
      has-flag: 4.0.0

  supports-hyperlinks@2.3.0:
    dependencies:
      has-flag: 4.0.0
      supports-color: 7.2.0

  term-canvas@0.0.5: {}

  viem@2.9.6:
    dependencies:
      '@adraffy/ens-normalize': 1.10.0
      '@noble/curves': 1.2.0
      '@noble/hashes': 1.3.2
      '@scure/bip32': 1.3.2
      '@scure/bip39': 1.2.1
      abitype: 1.0.0
      isows: 1.0.3(ws@8.13.0)
      ws: 8.13.0
    transitivePeerDependencies:
      - bufferutil
      - utf-8-validate
      - zod

  wordwrap@0.0.3: {}

  ws@8.13.0: {}

  x256@0.0.2: {}

  xml2js@0.4.23:
    dependencies:
      sax: 1.4.1
      xmlbuilder: 11.0.1

  xmlbuilder@11.0.1: {}
